
Microsoft Visual Studio Solution File, Format Version 12.00
# Visual Studio Version 17
VisualStudioVersion = 17.7.34031.279
MinimumVisualStudioVersion = 10.0.40219.1
Project("{9A19103F-16F7-4668-BE54-9A1E7A4F7556}") = "Supermarket-mvp", "Supermarket-mvp.csproj", "{B0028778-36FD-410C-9C22-A04BF942AD20}"
EndProject
Global
	GlobalSection(SolutionConfigurationPlatforms) = preSolution
		Debug|Any CPU = Debug|Any CPU
		Release|Any CPU = Release|Any CPU
	EndGlobalSection
	GlobalSection(ProjectConfigurationPlatforms) = postSolution
		{B0028778-36FD-410C-9C22-A04BF942AD20}.Debug|Any CPU.ActiveCfg = Debug|Any CPU
		{B0028778-36FD-410C-9C22-A04BF942AD20}.Debug|Any CPU.Build.0 = Debug|Any CPU
		{B0028778-36FD-410C-9C22-A04BF942AD20}.Release|Any CPU.ActiveCfg = Release|Any CPU
		{B0028778-36FD-410C-9C22-A04BF942AD20}.Release|Any CPU.Build.0 = Release|Any CPU
	EndGlobalSection
	GlobalSection(SolutionProperties) = preSolution
		HideSolutionNode = FALSE
	EndGlobalSection
	GlobalSection(ExtensibilityGlobals) = postSolution
		SolutionGuid = {8984D122-551D-4374-8CBE-6CCCF2D7FE2D}
	EndGlobalSection
EndGlobal
